
Microsoft Visual Studio Solution File, Format Version 12.00
# Visual Studio Version 17
VisualStudioVersion = 17.9.34607.119
MinimumVisualStudioVersion = 10.0.40219.1
Project("{FAE04EC0-301F-11D3-BF4B-00C04F79EFBC}") = "xo", "xo\xo.csproj", "{AE8D9A5A-7BD3-4DF7-8046-9395CE662DF3}"
EndProject
Global
	GlobalSection(SolutionConfigurationPlatforms) = preSolution
		Debug|Any CPU = Debug|Any CPU
		Release|Any CPU = Release|Any CPU
	EndGlobalSection
	GlobalSection(ProjectConfigurationPlatforms) = postSolution
		{AE8D9A5A-7BD3-4DF7-8046-9395CE662DF3}.Debug|Any CPU.ActiveCfg = Debug|Any CPU
		{AE8D9A5A-7BD3-4DF7-8046-9395CE662DF3}.Debug|Any CPU.Build.0 = Debug|Any CPU
		{AE8D9A5A-7BD3-4DF7-8046-9395CE662DF3}.Release|Any CPU.ActiveCfg = Release|Any CPU
		{AE8D9A5A-7BD3-4DF7-8046-9395CE662DF3}.Release|Any CPU.Build.0 = Release|Any CPU
	EndGlobalSection
	GlobalSection(SolutionProperties) = preSolution
		HideSolutionNode = FALSE
	EndGlobalSection
	GlobalSection(ExtensibilityGlobals) = postSolution
		SolutionGuid = {165A6F4E-C898-4BC1-B9CE-5F804734FC4C}
	EndGlobalSection
EndGlobal
